{
  "version": 4,
  "terraform_version": "1.3.8",
  "serial": 17,
  "lineage": "5125f5aa-4d51-0448-bc4d-21bfa7a257de",
  "outputs": {},
  "resources": [
    {
      "mode": "managed",
      "type": "aws_autoscaling_group",
      "name": "Cluster-ASG",
      "provider": "provider[\"registry.terraform.io/hashicorp/aws\"]",
      "instances": [
        {
          "schema_version": 1,
          "attributes": {
            "arn": "arn:aws:autoscaling:us-east-1:210830056316:autoScalingGroup:353e7153-52f9-417b-9150-b0aee5ce725d:autoScalingGroupName/Cluster-ASG",
            "availability_zones": [
              "us-east-1a",
              "us-east-1b"
            ],
            "capacity_rebalance": false,
            "context": "",
            "default_cooldown": 300,
            "default_instance_warmup": 0,
            "desired_capacity": 2,
            "desired_capacity_type": "",
            "enabled_metrics": [
              "GroupDesiredCapacity",
              "GroupInServiceInstances",
              "GroupMaxSize",
              "GroupMinSize",
              "GroupTotalInstances"
            ],
            "force_delete": false,
            "force_delete_warm_pool": false,
            "health_check_grace_period": 300,
            "health_check_type": "ELB",
            "id": "Cluster-ASG",
            "ignore_failed_scaling_activities": false,
            "initial_lifecycle_hook": [],
            "instance_maintenance_policy": [],
            "instance_refresh": [],
            "launch_configuration": "Cluster-Lc",
            "launch_template": [],
            "load_balancers": [
              "Cluster-LB"
            ],
            "max_instance_lifetime": 0,
            "max_size": 4,
            "metrics_granularity": "1Minute",
            "min_elb_capacity": null,
            "min_size": 1,
            "mixed_instances_policy": [],
            "name": "Cluster-ASG",
            "name_prefix": "",
            "placement_group": "",
            "predicted_capacity": 0,
            "protect_from_scale_in": false,
            "service_linked_role_arn": "arn:aws:iam::210830056316:role/aws-service-role/autoscaling.amazonaws.com/AWSServiceRoleForAutoScaling",
            "suspended_processes": null,
            "tag": [
              {
                "key": "Name",
                "propagate_at_launch": true,
                "value": "Cluster-ASG"
              }
            ],
            "target_group_arns": [],
            "termination_policies": null,
            "timeouts": null,
            "traffic_source": [
              {
                "identifier": "Cluster-LB",
                "type": "elb"
              }
            ],
            "vpc_zone_identifier": [
              "subnet-0bad062f6a5a1091c",
              "subnet-0c3ead9b0c31ecfd8"
            ],
            "wait_for_capacity_timeout": "10m",
            "wait_for_elb_capacity": null,
            "warm_pool": [],
            "warm_pool_size": 0
          },
          "sensitive_attributes": [],
          "private": "eyJlMmJmYjczMC1lY2FhLTExZTYtOGY4OC0zNDM2M2JjN2M0YzAiOnsiZGVsZXRlIjo2MDAwMDAwMDAwMDAsInVwZGF0ZSI6NjAwMDAwMDAwMDAwfSwic2NoZW1hX3ZlcnNpb24iOiIxIn0=",
          "dependencies": [
            "aws_elb.Cluster-LB",
            "aws_launch_configuration.Cluster-LC",
            "aws_security_group.Cluster-ALB-SG",
            "aws_security_group.Cluster-server-SG",
            "aws_subnet.public_us_east_1a",
            "aws_subnet.public_us_east_1b",
            "aws_vpc.Cluster-VPC"
          ],
          "create_before_destroy": true
        }
      ]
    },
    {
      "mode": "managed",
      "type": "aws_autoscaling_policy",
      "name": "Cluster-Scaldown",
      "provider": "provider[\"registry.terraform.io/hashicorp/aws\"]",
      "instances": [
        {
          "schema_version": 0,
          "attributes": {
            "adjustment_type": "ChangeInCapacity",
            "arn": "arn:aws:autoscaling:us-east-1:210830056316:scalingPolicy:4056ccd9-483e-40ac-af3b-351fb20bfe63:autoScalingGroupName/Cluster-ASG:policyName/Cluster-Scaldown",
            "autoscaling_group_name": "Cluster-ASG",
            "cooldown": 300,
            "enabled": true,
            "estimated_instance_warmup": 0,
            "id": "Cluster-Scaldown",
            "metric_aggregation_type": "",
            "min_adjustment_magnitude": 0,
            "name": "Cluster-Scaldown",
            "policy_type": "SimpleScaling",
            "predictive_scaling_configuration": [],
            "scaling_adjustment": -1,
            "step_adjustment": [],
            "target_tracking_configuration": []
          },
          "sensitive_attributes": [],
          "private": "bnVsbA==",
          "dependencies": [
            "aws_autoscaling_group.Cluster-ASG",
            "aws_elb.Cluster-LB",
            "aws_launch_configuration.Cluster-LC",
            "aws_security_group.Cluster-ALB-SG",
            "aws_security_group.Cluster-server-SG",
            "aws_subnet.public_us_east_1a",
            "aws_subnet.public_us_east_1b",
            "aws_vpc.Cluster-VPC"
          ]
        }
      ]
    },
    {
      "mode": "managed",
      "type": "aws_autoscaling_policy",
      "name": "Cluster-Scalup",
      "provider": "provider[\"registry.terraform.io/hashicorp/aws\"]",
      "instances": [
        {
          "schema_version": 0,
          "attributes": {
            "adjustment_type": "ChangeInCapacity",
            "arn": "arn:aws:autoscaling:us-east-1:210830056316:scalingPolicy:24d6330b-4a5e-40af-bfd1-83ac04575c1a:autoScalingGroupName/Cluster-ASG:policyName/Cluster-Scalup",
            "autoscaling_group_name": "Cluster-ASG",
            "cooldown": 300,
            "enabled": true,
            "estimated_instance_warmup": 0,
            "id": "Cluster-Scalup",
            "metric_aggregation_type": "",
            "min_adjustment_magnitude": 0,
            "name": "Cluster-Scalup",
            "policy_type": "SimpleScaling",
            "predictive_scaling_configuration": [],
            "scaling_adjustment": 1,
            "step_adjustment": [],
            "target_tracking_configuration": []
          },
          "sensitive_attributes": [],
          "private": "bnVsbA==",
          "dependencies": [
            "aws_autoscaling_group.Cluster-ASG",
            "aws_elb.Cluster-LB",
            "aws_launch_configuration.Cluster-LC",
            "aws_security_group.Cluster-ALB-SG",
            "aws_security_group.Cluster-server-SG",
            "aws_subnet.public_us_east_1a",
            "aws_subnet.public_us_east_1b",
            "aws_vpc.Cluster-VPC"
          ]
        }
      ]
    },
    {
      "mode": "managed",
      "type": "aws_cloudwatch_metric_alarm",
      "name": "web_cpu_alarm_down",
      "provider": "provider[\"registry.terraform.io/hashicorp/aws\"]",
      "instances": [
        {
          "schema_version": 1,
          "attributes": {
            "actions_enabled": true,
            "alarm_actions": [
              "arn:aws:autoscaling:us-east-1:210830056316:scalingPolicy:4056ccd9-483e-40ac-af3b-351fb20bfe63:autoScalingGroupName/Cluster-ASG:policyName/Cluster-Scaldown"
            ],
            "alarm_description": "This metric monitor EC2 instance CPU utilization",
            "alarm_name": "web_cpu_alarm_down",
            "arn": "arn:aws:cloudwatch:us-east-1:210830056316:alarm:web_cpu_alarm_down",
            "comparison_operator": "LessThanOrEqualToThreshold",
            "datapoints_to_alarm": 0,
            "dimensions": {
              "AutoScalingGroupName": "Cluster-ASG"
            },
            "evaluate_low_sample_count_percentiles": "",
            "evaluation_periods": 2,
            "extended_statistic": "",
            "id": "web_cpu_alarm_down",
            "insufficient_data_actions": null,
            "metric_name": "CPUUtilization",
            "metric_query": [],
            "namespace": "AWS/EC2",
            "ok_actions": null,
            "period": 120,
            "statistic": "Average",
            "tags": null,
            "tags_all": {},
            "threshold": 10,
            "threshold_metric_id": "",
            "treat_missing_data": "missing",
            "unit": ""
          },
          "sensitive_attributes": [],
          "private": "eyJzY2hlbWFfdmVyc2lvbiI6IjEifQ==",
          "dependencies": [
            "aws_autoscaling_group.Cluster-ASG",
            "aws_autoscaling_policy.Cluster-Scaldown",
            "aws_elb.Cluster-LB",
            "aws_launch_configuration.Cluster-LC",
            "aws_security_group.Cluster-ALB-SG",
            "aws_security_group.Cluster-server-SG",
            "aws_subnet.public_us_east_1a",
            "aws_subnet.public_us_east_1b",
            "aws_vpc.Cluster-VPC"
          ]
        }
      ]
    },
    {
      "mode": "managed",
      "type": "aws_cloudwatch_metric_alarm",
      "name": "web_cpu_alarm_up",
      "provider": "provider[\"registry.terraform.io/hashicorp/aws\"]",
      "instances": [
        {
          "schema_version": 1,
          "attributes": {
            "actions_enabled": true,
            "alarm_actions": [
              "arn:aws:autoscaling:us-east-1:210830056316:scalingPolicy:24d6330b-4a5e-40af-bfd1-83ac04575c1a:autoScalingGroupName/Cluster-ASG:policyName/Cluster-Scalup"
            ],
            "alarm_description": "This metric monitor EC2 instance CPU utilization",
            "alarm_name": "web_cpu_alarm_up",
            "arn": "arn:aws:cloudwatch:us-east-1:210830056316:alarm:web_cpu_alarm_up",
            "comparison_operator": "GreaterThanOrEqualToThreshold",
            "datapoints_to_alarm": 0,
            "dimensions": {
              "AutoScalingGroupName": "Cluster-ASG"
            },
            "evaluate_low_sample_count_percentiles": "",
            "evaluation_periods": 2,
            "extended_statistic": "",
            "id": "web_cpu_alarm_up",
            "insufficient_data_actions": null,
            "metric_name": "CPUUtilization",
            "metric_query": [],
            "namespace": "AWS/EC2",
            "ok_actions": null,
            "period": 120,
            "statistic": "Average",
            "tags": null,
            "tags_all": {},
            "threshold": 60,
            "threshold_metric_id": "",
            "treat_missing_data": "missing",
            "unit": ""
          },
          "sensitive_attributes": [],
          "private": "eyJzY2hlbWFfdmVyc2lvbiI6IjEifQ==",
          "dependencies": [
            "aws_autoscaling_group.Cluster-ASG",
            "aws_autoscaling_policy.Cluster-Scalup",
            "aws_elb.Cluster-LB",
            "aws_launch_configuration.Cluster-LC",
            "aws_security_group.Cluster-ALB-SG",
            "aws_security_group.Cluster-server-SG",
            "aws_subnet.public_us_east_1a",
            "aws_subnet.public_us_east_1b",
            "aws_vpc.Cluster-VPC"
          ]
        }
      ]
    },
    {
      "mode": "managed",
      "type": "aws_elb",
      "name": "Cluster-LB",
      "provider": "provider[\"registry.terraform.io/hashicorp/aws\"]",
      "instances": [
        {
          "schema_version": 0,
          "attributes": {
            "access_logs": [],
            "arn": "arn:aws:elasticloadbalancing:us-east-1:210830056316:loadbalancer/Cluster-LB",
            "availability_zones": [
              "us-east-1a",
              "us-east-1b"
            ],
            "connection_draining": false,
            "connection_draining_timeout": 300,
            "cross_zone_load_balancing": true,
            "desync_mitigation_mode": "defensive",
            "dns_name": "Cluster-LB-1157690098.us-east-1.elb.amazonaws.com",
            "health_check": [
              {
                "healthy_threshold": 2,
                "interval": 30,
                "target": "HTTP:80/",
                "timeout": 3,
                "unhealthy_threshold": 2
              }
            ],
            "id": "Cluster-LB",
            "idle_timeout": 60,
            "instances": [],
            "internal": false,
            "listener": [
              {
                "instance_port": 80,
                "instance_protocol": "http",
                "lb_port": 80,
                "lb_protocol": "http",
                "ssl_certificate_id": ""
              }
            ],
            "name": "Cluster-LB",
            "name_prefix": "",
            "security_groups": [
              "sg-06389513a399a7052"
            ],
            "source_security_group": "210830056316/Cluster-ALB-SG",
            "source_security_group_id": "sg-06389513a399a7052",
            "subnets": [
              "subnet-0bad062f6a5a1091c",
              "subnet-0c3ead9b0c31ecfd8"
            ],
            "tags": null,
            "tags_all": {},
            "timeouts": null,
            "zone_id": "Z35SXDOTRQ7X7K"
          },
          "sensitive_attributes": [],
          "private": "eyJlMmJmYjczMC1lY2FhLTExZTYtOGY4OC0zNDM2M2JjN2M0YzAiOnsiY3JlYXRlIjozMDAwMDAwMDAwMDAsInVwZGF0ZSI6MzAwMDAwMDAwMDAwfX0=",
          "dependencies": [
            "aws_security_group.Cluster-ALB-SG",
            "aws_subnet.public_us_east_1a",
            "aws_subnet.public_us_east_1b",
            "aws_vpc.Cluster-VPC"
          ],
          "create_before_destroy": true
        }
      ]
    },
    {
      "mode": "managed",
      "type": "aws_internet_gateway",
      "name": "Cluster-IGW",
      "provider": "provider[\"registry.terraform.io/hashicorp/aws\"]",
      "instances": [
        {
          "schema_version": 0,
          "attributes": {
            "arn": "arn:aws:ec2:us-east-1:210830056316:internet-gateway/igw-09fc31f2eccc7e37e",
            "id": "igw-09fc31f2eccc7e37e",
            "owner_id": "210830056316",
            "tags": {
              "Name": "Cluster-IGW"
            },
            "tags_all": {
              "Name": "Cluster-IGW"
            },
            "timeouts": null,
            "vpc_id": "vpc-02caa27adeed3b6f7"
          },
          "sensitive_attributes": [],
          "private": "eyJlMmJmYjczMC1lY2FhLTExZTYtOGY4OC0zNDM2M2JjN2M0YzAiOnsiY3JlYXRlIjoxMjAwMDAwMDAwMDAwLCJkZWxldGUiOjEyMDAwMDAwMDAwMDAsInVwZGF0ZSI6MTIwMDAwMDAwMDAwMH19",
          "dependencies": [
            "aws_vpc.Cluster-VPC"
          ]
        }
      ]
    },
    {
      "mode": "managed",
      "type": "aws_launch_configuration",
      "name": "Cluster-LC",
      "provider": "provider[\"registry.terraform.io/hashicorp/aws\"]",
      "instances": [
        {
          "schema_version": 0,
          "attributes": {
            "arn": "arn:aws:autoscaling:us-east-1:210830056316:launchConfiguration:39a6af9f-f8ff-453e-855e-4e69c53959a7:launchConfigurationName/Cluster-Lc",
            "associate_public_ip_address": true,
            "ebs_block_device": [],
            "ebs_optimized": false,
            "enable_monitoring": true,
            "ephemeral_block_device": [],
            "iam_instance_profile": "",
            "id": "Cluster-Lc",
            "image_id": "ami-0557a15b87f6559cf",
            "instance_type": "t2.micro",
            "key_name": "haithamkey",
            "metadata_options": [],
            "name": "Cluster-Lc",
            "name_prefix": "",
            "placement_tenancy": "",
            "root_block_device": [],
            "security_groups": [
              "sg-050398d5a73f4b47b"
            ],
            "spot_price": "",
            "user_data": "b898eaaeceedaa57b3e88b1d5751a2e25e086bfe",
            "user_data_base64": null
          },
          "sensitive_attributes": [],
          "private": "bnVsbA==",
          "dependencies": [
            "aws_security_group.Cluster-server-SG",
            "aws_vpc.Cluster-VPC"
          ],
          "create_before_destroy": true
        }
      ]
    },
    {
      "mode": "managed",
      "type": "aws_route_table",
      "name": "Cluster-RT-PUB",
      "provider": "provider[\"registry.terraform.io/hashicorp/aws\"]",
      "instances": [
        {
          "schema_version": 0,
          "attributes": {
            "arn": "arn:aws:ec2:us-east-1:210830056316:route-table/rtb-0bb16ada083ffcc45",
            "id": "rtb-0bb16ada083ffcc45",
            "owner_id": "210830056316",
            "propagating_vgws": [],
            "route": [
              {
                "carrier_gateway_id": "",
                "cidr_block": "0.0.0.0/0",
                "core_network_arn": "",
                "destination_prefix_list_id": "",
                "egress_only_gateway_id": "",
                "gateway_id": "igw-09fc31f2eccc7e37e",
                "ipv6_cidr_block": "",
                "local_gateway_id": "",
                "nat_gateway_id": "",
                "network_interface_id": "",
                "transit_gateway_id": "",
                "vpc_endpoint_id": "",
                "vpc_peering_connection_id": ""
              }
            ],
            "tags": {
              "Name": "Public Subnets Route Table for My VPC"
            },
            "tags_all": {
              "Name": "Public Subnets Route Table for My VPC"
            },
            "timeouts": null,
            "vpc_id": "vpc-02caa27adeed3b6f7"
          },
          "sensitive_attributes": [],
          "private": "eyJlMmJmYjczMC1lY2FhLTExZTYtOGY4OC0zNDM2M2JjN2M0YzAiOnsiY3JlYXRlIjozMDAwMDAwMDAwMDAsImRlbGV0ZSI6MzAwMDAwMDAwMDAwLCJ1cGRhdGUiOjEyMDAwMDAwMDAwMH19",
          "dependencies": [
            "aws_internet_gateway.Cluster-IGW",
            "aws_vpc.Cluster-VPC"
          ]
        }
      ]
    },
    {
      "mode": "managed",
      "type": "aws_route_table_association",
      "name": "Cluster-RTA-us-east-1a",
      "provider": "provider[\"registry.terraform.io/hashicorp/aws\"]",
      "instances": [
        {
          "schema_version": 0,
          "attributes": {
            "gateway_id": "",
            "id": "rtbassoc-0b7799c5f115d7b1e",
            "route_table_id": "rtb-0bb16ada083ffcc45",
            "subnet_id": "subnet-0c3ead9b0c31ecfd8",
            "timeouts": null
          },
          "sensitive_attributes": [],
          "private": "eyJlMmJmYjczMC1lY2FhLTExZTYtOGY4OC0zNDM2M2JjN2M0YzAiOnsiY3JlYXRlIjozMDAwMDAwMDAwMDAsImRlbGV0ZSI6MzAwMDAwMDAwMDAwLCJ1cGRhdGUiOjEyMDAwMDAwMDAwMH19",
          "dependencies": [
            "aws_internet_gateway.Cluster-IGW",
            "aws_route_table.Cluster-RT-PUB",
            "aws_subnet.public_us_east_1a",
            "aws_vpc.Cluster-VPC"
          ]
        }
      ]
    },
    {
      "mode": "managed",
      "type": "aws_route_table_association",
      "name": "Cluster-RTA-us-east-1b",
      "provider": "provider[\"registry.terraform.io/hashicorp/aws\"]",
      "instances": [
        {
          "schema_version": 0,
          "attributes": {
            "gateway_id": "",
            "id": "rtbassoc-054ab8dd5e363cfb8",
            "route_table_id": "rtb-0bb16ada083ffcc45",
            "subnet_id": "subnet-0bad062f6a5a1091c",
            "timeouts": null
          },
          "sensitive_attributes": [],
          "private": "eyJlMmJmYjczMC1lY2FhLTExZTYtOGY4OC0zNDM2M2JjN2M0YzAiOnsiY3JlYXRlIjozMDAwMDAwMDAwMDAsImRlbGV0ZSI6MzAwMDAwMDAwMDAwLCJ1cGRhdGUiOjEyMDAwMDAwMDAwMH19",
          "dependencies": [
            "aws_internet_gateway.Cluster-IGW",
            "aws_route_table.Cluster-RT-PUB",
            "aws_subnet.public_us_east_1b",
            "aws_vpc.Cluster-VPC"
          ]
        }
      ]
    },
    {
      "mode": "managed",
      "type": "aws_security_group",
      "name": "Cluster-ALB-SG",
      "provider": "provider[\"registry.terraform.io/hashicorp/aws\"]",
      "instances": [
        {
          "schema_version": 1,
          "attributes": {
            "arn": "arn:aws:ec2:us-east-1:210830056316:security-group/sg-06389513a399a7052",
            "description": "Allow HTTP traffic to instances through Elastic Load Balancer",
            "egress": [
              {
                "cidr_blocks": [
                  "0.0.0.0/0"
                ],
                "description": "",
                "from_port": 0,
                "ipv6_cidr_blocks": [],
                "prefix_list_ids": [],
                "protocol": "-1",
                "security_groups": [],
                "self": false,
                "to_port": 0
              }
            ],
            "id": "sg-06389513a399a7052",
            "ingress": [
              {
                "cidr_blocks": [
                  "0.0.0.0/0"
                ],
                "description": "",
                "from_port": 80,
                "ipv6_cidr_blocks": [],
                "prefix_list_ids": [],
                "protocol": "tcp",
                "security_groups": [],
                "self": false,
                "to_port": 80
              }
            ],
            "name": "Cluster-ALB-SG",
            "name_prefix": "",
            "owner_id": "210830056316",
            "revoke_rules_on_delete": false,
            "tags": {
              "Name": "Cluster-ALB-SG"
            },
            "tags_all": {
              "Name": "Cluster-ALB-SG"
            },
            "timeouts": null,
            "vpc_id": "vpc-02caa27adeed3b6f7"
          },
          "sensitive_attributes": [],
          "private": "eyJlMmJmYjczMC1lY2FhLTExZTYtOGY4OC0zNDM2M2JjN2M0YzAiOnsiY3JlYXRlIjo2MDAwMDAwMDAwMDAsImRlbGV0ZSI6OTAwMDAwMDAwMDAwfSwic2NoZW1hX3ZlcnNpb24iOiIxIn0=",
          "dependencies": [
            "aws_vpc.Cluster-VPC"
          ],
          "create_before_destroy": true
        }
      ]
    },
    {
      "mode": "managed",
      "type": "aws_security_group",
      "name": "Cluster-server-SG",
      "provider": "provider[\"registry.terraform.io/hashicorp/aws\"]",
      "instances": [
        {
          "schema_version": 1,
          "attributes": {
            "arn": "arn:aws:ec2:us-east-1:210830056316:security-group/sg-050398d5a73f4b47b",
            "description": "Allow HTTP inbound connections",
            "egress": [
              {
                "cidr_blocks": [
                  "0.0.0.0/0"
                ],
                "description": "",
                "from_port": 0,
                "ipv6_cidr_blocks": [],
                "prefix_list_ids": [],
                "protocol": "-1",
                "security_groups": [],
                "self": false,
                "to_port": 0
              }
            ],
            "id": "sg-050398d5a73f4b47b",
            "ingress": [
              {
                "cidr_blocks": [
                  "0.0.0.0/0"
                ],
                "description": "",
                "from_port": 22,
                "ipv6_cidr_blocks": [],
                "prefix_list_ids": [],
                "protocol": "tcp",
                "security_groups": [],
                "self": false,
                "to_port": 22
              },
              {
                "cidr_blocks": [
                  "0.0.0.0/0"
                ],
                "description": "",
                "from_port": 80,
                "ipv6_cidr_blocks": [],
                "prefix_list_ids": [],
                "protocol": "tcp",
                "security_groups": [],
                "self": false,
                "to_port": 80
              }
            ],
            "name": "Cluster-server-SG",
            "name_prefix": "",
            "owner_id": "210830056316",
            "revoke_rules_on_delete": false,
            "tags": {
              "Name": "Cluster-server-SG"
            },
            "tags_all": {
              "Name": "Cluster-server-SG"
            },
            "timeouts": null,
            "vpc_id": "vpc-02caa27adeed3b6f7"
          },
          "sensitive_attributes": [],
          "private": "eyJlMmJmYjczMC1lY2FhLTExZTYtOGY4OC0zNDM2M2JjN2M0YzAiOnsiY3JlYXRlIjo2MDAwMDAwMDAwMDAsImRlbGV0ZSI6OTAwMDAwMDAwMDAwfSwic2NoZW1hX3ZlcnNpb24iOiIxIn0=",
          "dependencies": [
            "aws_vpc.Cluster-VPC"
          ],
          "create_before_destroy": true
        }
      ]
    },
    {
      "mode": "managed",
      "type": "aws_subnet",
      "name": "public_us_east_1a",
      "provider": "provider[\"registry.terraform.io/hashicorp/aws\"]",
      "instances": [
        {
          "schema_version": 1,
          "attributes": {
            "arn": "arn:aws:ec2:us-east-1:210830056316:subnet/subnet-0c3ead9b0c31ecfd8",
            "assign_ipv6_address_on_creation": false,
            "availability_zone": "us-east-1a",
            "availability_zone_id": "use1-az1",
            "cidr_block": "192.168.0.0/24",
            "customer_owned_ipv4_pool": "",
            "enable_dns64": false,
            "enable_lni_at_device_index": 0,
            "enable_resource_name_dns_a_record_on_launch": false,
            "enable_resource_name_dns_aaaa_record_on_launch": false,
            "id": "subnet-0c3ead9b0c31ecfd8",
            "ipv6_cidr_block": "",
            "ipv6_cidr_block_association_id": "",
            "ipv6_native": false,
            "map_customer_owned_ip_on_launch": false,
            "map_public_ip_on_launch": false,
            "outpost_arn": "",
            "owner_id": "210830056316",
            "private_dns_hostname_type_on_launch": "ip-name",
            "tags": {
              "Name": "Public Subnet us-east-1a"
            },
            "tags_all": {
              "Name": "Public Subnet us-east-1a"
            },
            "timeouts": null,
            "vpc_id": "vpc-02caa27adeed3b6f7"
          },
          "sensitive_attributes": [],
          "private": "eyJlMmJmYjczMC1lY2FhLTExZTYtOGY4OC0zNDM2M2JjN2M0YzAiOnsiY3JlYXRlIjo2MDAwMDAwMDAwMDAsImRlbGV0ZSI6MTIwMDAwMDAwMDAwMH0sInNjaGVtYV92ZXJzaW9uIjoiMSJ9",
          "dependencies": [
            "aws_vpc.Cluster-VPC"
          ],
          "create_before_destroy": true
        }
      ]
    },
    {
      "mode": "managed",
      "type": "aws_subnet",
      "name": "public_us_east_1b",
      "provider": "provider[\"registry.terraform.io/hashicorp/aws\"]",
      "instances": [
        {
          "schema_version": 1,
          "attributes": {
            "arn": "arn:aws:ec2:us-east-1:210830056316:subnet/subnet-0bad062f6a5a1091c",
            "assign_ipv6_address_on_creation": false,
            "availability_zone": "us-east-1b",
            "availability_zone_id": "use1-az2",
            "cidr_block": "192.168.1.0/24",
            "customer_owned_ipv4_pool": "",
            "enable_dns64": false,
            "enable_lni_at_device_index": 0,
            "enable_resource_name_dns_a_record_on_launch": false,
            "enable_resource_name_dns_aaaa_record_on_launch": false,
            "id": "subnet-0bad062f6a5a1091c",
            "ipv6_cidr_block": "",
            "ipv6_cidr_block_association_id": "",
            "ipv6_native": false,
            "map_customer_owned_ip_on_launch": false,
            "map_public_ip_on_launch": false,
            "outpost_arn": "",
            "owner_id": "210830056316",
            "private_dns_hostname_type_on_launch": "ip-name",
            "tags": {
              "Name": "Public Subnet us-east-1b"
            },
            "tags_all": {
              "Name": "Public Subnet us-east-1b"
            },
            "timeouts": null,
            "vpc_id": "vpc-02caa27adeed3b6f7"
          },
          "sensitive_attributes": [],
          "private": "eyJlMmJmYjczMC1lY2FhLTExZTYtOGY4OC0zNDM2M2JjN2M0YzAiOnsiY3JlYXRlIjo2MDAwMDAwMDAwMDAsImRlbGV0ZSI6MTIwMDAwMDAwMDAwMH0sInNjaGVtYV92ZXJzaW9uIjoiMSJ9",
          "dependencies": [
            "aws_vpc.Cluster-VPC"
          ],
          "create_before_destroy": true
        }
      ]
    },
    {
      "mode": "managed",
      "type": "aws_vpc",
      "name": "Cluster-VPC",
      "provider": "provider[\"registry.terraform.io/hashicorp/aws\"]",
      "instances": [
        {
          "schema_version": 1,
          "attributes": {
            "arn": "arn:aws:ec2:us-east-1:210830056316:vpc/vpc-02caa27adeed3b6f7",
            "assign_generated_ipv6_cidr_block": false,
            "cidr_block": "192.168.0.0/16",
            "default_network_acl_id": "acl-00b8cff4a818bd013",
            "default_route_table_id": "rtb-0478be487683eaad8",
            "default_security_group_id": "sg-0c99d279bf900b01f",
            "dhcp_options_id": "dopt-0c5e8d336c988406e",
            "enable_dns_hostnames": true,
            "enable_dns_support": true,
            "enable_network_address_usage_metrics": false,
            "id": "vpc-02caa27adeed3b6f7",
            "instance_tenancy": "default",
            "ipv4_ipam_pool_id": null,
            "ipv4_netmask_length": null,
            "ipv6_association_id": "",
            "ipv6_cidr_block": "",
            "ipv6_cidr_block_network_border_group": "",
            "ipv6_ipam_pool_id": "",
            "ipv6_netmask_length": 0,
            "main_route_table_id": "rtb-0478be487683eaad8",
            "owner_id": "210830056316",
            "tags": {
              "Name": "Cluster-VPC"
            },
            "tags_all": {
              "Name": "Cluster-VPC"
            }
          },
          "sensitive_attributes": [],
          "private": "eyJzY2hlbWFfdmVyc2lvbiI6IjEifQ==",
          "create_before_destroy": true
        }
      ]
    }
  ],
  "check_results": null
}
